
Microsoft Visual Studio Solution File, Format Version 12.00
# Visual Studio 15
VisualStudioVersion = 15.0.26730.3
MinimumVisualStudioVersion = 10.0.40219.1
Project("{FAE04EC0-301F-11D3-BF4B-00C04F79EFBC}") = "EF6", "EF6\EF6.csproj", "{78A0B642-C7D6-4B70-8D8B-20D2BD07F280}"
EndProject
Global
	GlobalSection(SolutionConfigurationPlatforms) = preSolution
		Debug|Any CPU = Debug|Any CPU
		Release|Any CPU = Release|Any CPU
	EndGlobalSection
	GlobalSection(ProjectConfigurationPlatforms) = postSolution
		{78A0B642-C7D6-4B70-8D8B-20D2BD07F280}.Debug|Any CPU.ActiveCfg = Debug|Any CPU
		{78A0B642-C7D6-4B70-8D8B-20D2BD07F280}.Debug|Any CPU.Build.0 = Debug|Any CPU
		{78A0B642-C7D6-4B70-8D8B-20D2BD07F280}.Release|Any CPU.ActiveCfg = Release|Any CPU
		{78A0B642-C7D6-4B70-8D8B-20D2BD07F280}.Release|Any CPU.Build.0 = Release|Any CPU
	EndGlobalSection
	GlobalSection(SolutionProperties) = preSolution
		HideSolutionNode = FALSE
	EndGlobalSection
	GlobalSection(ExtensibilityGlobals) = postSolution
		SolutionGuid = {425AB5BF-79EC-4B63-9BFE-B75A2BD9DC0F}
	EndGlobalSection
EndGlobal
